
Microsoft Visual Studio Solution File, Format Version 12.00
# Visual Studio Version 17
VisualStudioVersion = 17.5.33516.290
MinimumVisualStudioVersion = 10.0.40219.1
Project("{FAE04EC0-301F-11D3-BF4B-00C04F79EFBC}") = "Lab_10lib", "Lab_10lib.csproj", "{B752382F-6A51-4DD3-9672-6DFBB631ED3C}"
EndProject
Global
	GlobalSection(SolutionConfigurationPlatforms) = preSolution
		Debug|Any CPU = Debug|Any CPU
		Release|Any CPU = Release|Any CPU
	EndGlobalSection
	GlobalSection(ProjectConfigurationPlatforms) = postSolution
		{B752382F-6A51-4DD3-9672-6DFBB631ED3C}.Debug|Any CPU.ActiveCfg = Debug|Any CPU
		{B752382F-6A51-4DD3-9672-6DFBB631ED3C}.Debug|Any CPU.Build.0 = Debug|Any CPU
		{B752382F-6A51-4DD3-9672-6DFBB631ED3C}.Release|Any CPU.ActiveCfg = Release|Any CPU
		{B752382F-6A51-4DD3-9672-6DFBB631ED3C}.Release|Any CPU.Build.0 = Release|Any CPU
	EndGlobalSection
	GlobalSection(SolutionProperties) = preSolution
		HideSolutionNode = FALSE
	EndGlobalSection
	GlobalSection(ExtensibilityGlobals) = postSolution
		SolutionGuid = {90E723C0-C0DA-47CC-A6B3-1DA5000B1E5F}
	EndGlobalSection
EndGlobal
